
Microsoft Visual Studio Solution File, Format Version 12.00
# Visual Studio 15
VisualStudioVersion = 15.0.28010.2048
MinimumVisualStudioVersion = 10.0.40219.1
Project("{FAE04EC0-301F-11D3-BF4B-00C04F79EFBC}") = "lesson3", "lesson3\lesson3.csproj", "{0FDA6BB1-14A8-438E-B5CC-585A146EE52C}"
EndProject
Global
	GlobalSection(SolutionConfigurationPlatforms) = preSolution
		Debug|Any CPU = Debug|Any CPU
		Release|Any CPU = Release|Any CPU
	EndGlobalSection
	GlobalSection(ProjectConfigurationPlatforms) = postSolution
		{0FDA6BB1-14A8-438E-B5CC-585A146EE52C}.Debug|Any CPU.ActiveCfg = Debug|Any CPU
		{0FDA6BB1-14A8-438E-B5CC-585A146EE52C}.Debug|Any CPU.Build.0 = Debug|Any CPU
		{0FDA6BB1-14A8-438E-B5CC-585A146EE52C}.Release|Any CPU.ActiveCfg = Release|Any CPU
		{0FDA6BB1-14A8-438E-B5CC-585A146EE52C}.Release|Any CPU.Build.0 = Release|Any CPU
	EndGlobalSection
	GlobalSection(SolutionProperties) = preSolution
		HideSolutionNode = FALSE
	EndGlobalSection
	GlobalSection(ExtensibilityGlobals) = postSolution
		SolutionGuid = {5CDE224A-574A-4246-A6E9-6BB75C2F5F9E}
	EndGlobalSection
EndGlobal
